
Microsoft Visual Studio Solution File, Format Version 12.00
Project("{FAE04EC0-301F-11D3-BF4B-00C04F79EFBC}") = "AspNetCore.StartupTemplate.Webapi", "AspNetCore.StartupTemplate.Webapi\AspNetCore.StartupTemplate.Webapi.csproj", "{AFA36BA0-54FE-4DD8-B62A-1B7EFEC83989}"
EndProject
Project("{FAE04EC0-301F-11D3-BF4B-00C04F79EFBC}") = "AspNetCore.StartupTemplate.Model", "AspNetCore.StartupTemplate.Model\AspNetCore.StartupTemplate.Model.csproj", "{A52347E8-4F22-47B9-B57A-41F256EDFBA0}"
EndProject
Project("{FAE04EC0-301F-11D3-BF4B-00C04F79EFBC}") = "AspNetCore.StartupTemplate.Repository", "AspNetCore.StartupTemplate.Repository\AspNetCore.StartupTemplate.Repository.csproj", "{B0C05DE5-99EB-4FD7-9C52-1019485B0A9E}"
EndProject
Project("{FAE04EC0-301F-11D3-BF4B-00C04F79EFBC}") = "AspNetCore.StartupTemplate.IRepository", "AspNetCore.StartupTemplate.IRepository\AspNetCore.StartupTemplate.IRepository.csproj", "{0D71708E-C037-4B05-A12F-A6CF2DA2B98F}"
EndProject
Project("{2150E333-8FDC-42A3-9474-1A3956D46DE8}") = "Repository", "Repository", "{8BB20A97-2C3A-4E85-B74A-7BDB2BB70B46}"
EndProject
Project("{FAE04EC0-301F-11D3-BF4B-00C04F79EFBC}") = "AspNetCore.StartupTemplate.IServices", "AspNetCore.StartupTemplate.IServices\AspNetCore.StartupTemplate.IServices.csproj", "{2E84F793-AEA6-4DDC-A949-C41D15FC232B}"
EndProject
Project("{FAE04EC0-301F-11D3-BF4B-00C04F79EFBC}") = "AspNetCore.StartupTemplate.Services", "AspNetCore.StartupTemplate.Services\AspNetCore.StartupTemplate.Services.csproj", "{8D3D0F66-7430-48DC-95E2-C7338241874B}"
EndProject
Project("{2150E333-8FDC-42A3-9474-1A3956D46DE8}") = "Services", "Services", "{C357EEC6-1DC2-4D67-8C26-D6EB7AA87CD6}"
EndProject
Project("{2150E333-8FDC-42A3-9474-1A3956D46DE8}") = "Entity", "Entity", "{9B7E4906-8690-44D7-8B88-78158FBC84AC}"
EndProject
Project("{FAE04EC0-301F-11D3-BF4B-00C04F79EFBC}") = "AspNetCore.StartupTemplate.Core", "AspNetCore.StartupTemplate.Core\AspNetCore.StartupTemplate.Core.csproj", "{3FD3757C-77A6-44A4-B04D-281819AC356A}"
EndProject
Project("{FAE04EC0-301F-11D3-BF4B-00C04F79EFBC}") = "AspNetCore.StartupTemplate.Configuration", "AspNetCore.StartupTemplate.Configuration\AspNetCore.StartupTemplate.Configuration.csproj", "{5C95C7D6-3609-43C8-B80D-135CAB80F4CF}"
EndProject
Project("{FAE04EC0-301F-11D3-BF4B-00C04F79EFBC}") = "AspNetCore.StartupTemplate.Filter", "AspNetCore.StartupTemplate.Filter\AspNetCore.StartupTemplate.Filter.csproj", "{3BC9BD9A-F2E7-467C-975B-A36143824FDA}"
EndProject
Project("{FAE04EC0-301F-11D3-BF4B-00C04F79EFBC}") = "AspNetCore.StartupTemplate.Utility", "AspNetCore.StartupTemplate.Utility\AspNetCore.StartupTemplate.Utility.csproj", "{2E39D547-730C-4FA3-A53F-ADBE4CCFED8C}"
EndProject
Project("{2150E333-8FDC-42A3-9474-1A3956D46DE8}") = "Core", "Core", "{CE6C0D3C-FE43-4009-9C17-EEADE54822EC}"
EndProject
Project("{2150E333-8FDC-42A3-9474-1A3956D46DE8}") = "Webapi", "Webapi", "{E1AC9CC0-74D5-4DBB-A399-1AF51EB45DCE}"
EndProject
Project("{FAE04EC0-301F-11D3-BF4B-00C04F79EFBC}") = "AspNetCore.StartupTemplate.Contract", "AspNetCore.StartupTemplate.Contract\AspNetCore.StartupTemplate.Contract.csproj", "{A8890829-5708-4F19-B1A0-85643B956B01}"
EndProject
Project("{FAE04EC0-301F-11D3-BF4B-00C04F79EFBC}") = "AspNetCore.StartupTemplate.Auth", "AspNetCore.StartupTemplate.Auth\AspNetCore.StartupTemplate.Auth.csproj", "{6A2C4D47-6E8A-47A7-A68A-97EA86E9DA19}"
EndProject
Project("{FAE04EC0-301F-11D3-BF4B-00C04F79EFBC}") = "AspNetCore.StartupTemplate.CodeGeneratorConsole", "AspNetCore.StartupTemplate.CodeGeneratorConsole\AspNetCore.StartupTemplate.CodeGeneratorConsole.csproj", "{2CF58D72-F9DE-47B5-9CC0-DDF2AE2E5AF4}"
EndProject
Project("{FAE04EC0-301F-11D3-BF4B-00C04F79EFBC}") = "AspNetCore.StartupTemplate.Snowflake", "AspNetCore.StartupTemplate.Snowflake\AspNetCore.StartupTemplate.Snowflake.csproj", "{66E2C97D-21C4-428A-A551-C1D80CBEC1AD}"
EndProject
Project("{FAE04EC0-301F-11D3-BF4B-00C04F79EFBC}") = "AspNetCore.StartupTemplate.UnitTest", "AspNetCore.StartupTemplate.UnitTest\AspNetCore.StartupTemplate.UnitTest.csproj", "{47ED8BED-D27D-46E7-ACA5-B08C4F456259}"
EndProject
Project("{FAE04EC0-301F-11D3-BF4B-00C04F79EFBC}") = "AspNetCore.StartupTemplate.DbMigration", "AspNetCore.StartupTemplate.DbMigration\AspNetCore.StartupTemplate.DbMigration.csproj", "{A117C59E-A54F-41A0-89C3-414E58F59DB2}"
EndProject
Project("{2150E333-8FDC-42A3-9474-1A3956D46DE8}") = "UnitTest", "UnitTest", "{7A70A536-224C-4010-BBC5-E9085F633F75}"
EndProject
Project("{2150E333-8FDC-42A3-9474-1A3956D46DE8}") = "Plugins", "Plugins", "{D6EF715A-2EA5-484D-98A1-CC3211F0779B}"
EndProject
Project("{FAE04EC0-301F-11D3-BF4B-00C04F79EFBC}") = "AspNetCore.StartupTemplate.CacheAsync", "AspNetCore.StartupTemplate.CacheAsync\AspNetCore.StartupTemplate.CacheAsync.csproj", "{DC78CB3F-6E1D-4287-B497-1BB7BBC5138C}"
EndProject
Project("{2150E333-8FDC-42A3-9474-1A3956D46DE8}") = "Deployment", "Deployment", "{22DB2A26-EC5F-4947-B9C8-08C075E9AFF3}"
EndProject
Project("{2150E333-8FDC-42A3-9474-1A3956D46DE8}") = "Redis-Sentinel", "Redis-Sentinel", "{9C71157D-8004-4635-A5D2-8F6E0309E872}"
	ProjectSection(SolutionItems) = preProject
		Deployment\Redis-Sentinel\redis\docker-compose.yml = Deployment\Redis-Sentinel\redis\docker-compose.yml
		Deployment\Redis-Sentinel\sentinel\conf\sentinel1\sentinel1.conf = Deployment\Redis-Sentinel\sentinel\conf\sentinel1\sentinel1.conf
		Deployment\Redis-Sentinel\sentinel\conf\sentinel2\sentinel2.conf = Deployment\Redis-Sentinel\sentinel\conf\sentinel2\sentinel2.conf
		Deployment\Redis-Sentinel\sentinel\conf\sentinel3\sentinel3.conf = Deployment\Redis-Sentinel\sentinel\conf\sentinel3\sentinel3.conf
		Deployment\Redis-Sentinel\sentinel\docker-compose.yml = Deployment\Redis-Sentinel\sentinel\docker-compose.yml
		Deployment\Redis-Sentinel\sentinel\sentinel.conf = Deployment\Redis-Sentinel\sentinel\sentinel.conf
	EndProjectSection
EndProject
Project("{2150E333-8FDC-42A3-9474-1A3956D46DE8}") = "Normal", "Normal", "{E9352C63-1374-4F7F-A02D-955877F19264}"
	ProjectSection(SolutionItems) = preProject
		Deployment\Normal\Normal.yml = Deployment\Normal\Normal.yml
	EndProjectSection
EndProject
Project("{FAE04EC0-301F-11D3-BF4B-00C04F79EFBC}") = "AspNetCore.StartupTemplate.CutstomScheduler", "AspNetCore.StartupTemplate.CustomScheduler\AspNetCore.StartupTemplate.CutstomScheduler.csproj", "{D816714A-C7E5-44E1-8663-7DA0738DF958}"
EndProject
Global
	GlobalSection(SolutionConfigurationPlatforms) = preSolution
		Debug|Any CPU = Debug|Any CPU
		Release|Any CPU = Release|Any CPU
	EndGlobalSection
	GlobalSection(ProjectConfigurationPlatforms) = postSolution
		{AFA36BA0-54FE-4DD8-B62A-1B7EFEC83989}.Debug|Any CPU.ActiveCfg = Debug|Any CPU
		{AFA36BA0-54FE-4DD8-B62A-1B7EFEC83989}.Debug|Any CPU.Build.0 = Debug|Any CPU
		{AFA36BA0-54FE-4DD8-B62A-1B7EFEC83989}.Release|Any CPU.ActiveCfg = Release|Any CPU
		{AFA36BA0-54FE-4DD8-B62A-1B7EFEC83989}.Release|Any CPU.Build.0 = Release|Any CPU
		{A52347E8-4F22-47B9-B57A-41F256EDFBA0}.Debug|Any CPU.ActiveCfg = Debug|Any CPU
		{A52347E8-4F22-47B9-B57A-41F256EDFBA0}.Debug|Any CPU.Build.0 = Debug|Any CPU
		{A52347E8-4F22-47B9-B57A-41F256EDFBA0}.Release|Any CPU.ActiveCfg = Release|Any CPU
		{A52347E8-4F22-47B9-B57A-41F256EDFBA0}.Release|Any CPU.Build.0 = Release|Any CPU
		{B0C05DE5-99EB-4FD7-9C52-1019485B0A9E}.Debug|Any CPU.ActiveCfg = Debug|Any CPU
		{B0C05DE5-99EB-4FD7-9C52-1019485B0A9E}.Debug|Any CPU.Build.0 = Debug|Any CPU
		{B0C05DE5-99EB-4FD7-9C52-1019485B0A9E}.Release|Any CPU.ActiveCfg = Release|Any CPU
		{B0C05DE5-99EB-4FD7-9C52-1019485B0A9E}.Release|Any CPU.Build.0 = Release|Any CPU
		{0D71708E-C037-4B05-A12F-A6CF2DA2B98F}.Debug|Any CPU.ActiveCfg = Debug|Any CPU
		{0D71708E-C037-4B05-A12F-A6CF2DA2B98F}.Debug|Any CPU.Build.0 = Debug|Any CPU
		{0D71708E-C037-4B05-A12F-A6CF2DA2B98F}.Release|Any CPU.ActiveCfg = Release|Any CPU
		{0D71708E-C037-4B05-A12F-A6CF2DA2B98F}.Release|Any CPU.Build.0 = Release|Any CPU
		{2E84F793-AEA6-4DDC-A949-C41D15FC232B}.Debug|Any CPU.ActiveCfg = Debug|Any CPU
		{2E84F793-AEA6-4DDC-A949-C41D15FC232B}.Debug|Any CPU.Build.0 = Debug|Any CPU
		{2E84F793-AEA6-4DDC-A949-C41D15FC232B}.Release|Any CPU.ActiveCfg = Release|Any CPU
		{2E84F793-AEA6-4DDC-A949-C41D15FC232B}.Release|Any CPU.Build.0 = Release|Any CPU
		{8D3D0F66-7430-48DC-95E2-C7338241874B}.Debug|Any CPU.ActiveCfg = Debug|Any CPU
		{8D3D0F66-7430-48DC-95E2-C7338241874B}.Debug|Any CPU.Build.0 = Debug|Any CPU
		{8D3D0F66-7430-48DC-95E2-C7338241874B}.Release|Any CPU.ActiveCfg = Release|Any CPU
		{8D3D0F66-7430-48DC-95E2-C7338241874B}.Release|Any CPU.Build.0 = Release|Any CPU
		{3FD3757C-77A6-44A4-B04D-281819AC356A}.Debug|Any CPU.ActiveCfg = Debug|Any CPU
		{3FD3757C-77A6-44A4-B04D-281819AC356A}.Debug|Any CPU.Build.0 = Debug|Any CPU
		{3FD3757C-77A6-44A4-B04D-281819AC356A}.Release|Any CPU.ActiveCfg = Release|Any CPU
		{3FD3757C-77A6-44A4-B04D-281819AC356A}.Release|Any CPU.Build.0 = Release|Any CPU
		{5C95C7D6-3609-43C8-B80D-135CAB80F4CF}.Debug|Any CPU.ActiveCfg = Debug|Any CPU
		{5C95C7D6-3609-43C8-B80D-135CAB80F4CF}.Debug|Any CPU.Build.0 = Debug|Any CPU
		{5C95C7D6-3609-43C8-B80D-135CAB80F4CF}.Release|Any CPU.ActiveCfg = Release|Any CPU
		{5C95C7D6-3609-43C8-B80D-135CAB80F4CF}.Release|Any CPU.Build.0 = Release|Any CPU
		{3BC9BD9A-F2E7-467C-975B-A36143824FDA}.Debug|Any CPU.ActiveCfg = Debug|Any CPU
		{3BC9BD9A-F2E7-467C-975B-A36143824FDA}.Debug|Any CPU.Build.0 = Debug|Any CPU
		{3BC9BD9A-F2E7-467C-975B-A36143824FDA}.Release|Any CPU.ActiveCfg = Release|Any CPU
		{3BC9BD9A-F2E7-467C-975B-A36143824FDA}.Release|Any CPU.Build.0 = Release|Any CPU
		{2E39D547-730C-4FA3-A53F-ADBE4CCFED8C}.Debug|Any CPU.ActiveCfg = Debug|Any CPU
		{2E39D547-730C-4FA3-A53F-ADBE4CCFED8C}.Debug|Any CPU.Build.0 = Debug|Any CPU
		{2E39D547-730C-4FA3-A53F-ADBE4CCFED8C}.Release|Any CPU.ActiveCfg = Release|Any CPU
		{2E39D547-730C-4FA3-A53F-ADBE4CCFED8C}.Release|Any CPU.Build.0 = Release|Any CPU
		{A8890829-5708-4F19-B1A0-85643B956B01}.Debug|Any CPU.ActiveCfg = Debug|Any CPU
		{A8890829-5708-4F19-B1A0-85643B956B01}.Debug|Any CPU.Build.0 = Debug|Any CPU
		{A8890829-5708-4F19-B1A0-85643B956B01}.Release|Any CPU.ActiveCfg = Release|Any CPU
		{A8890829-5708-4F19-B1A0-85643B956B01}.Release|Any CPU.Build.0 = Release|Any CPU
		{6A2C4D47-6E8A-47A7-A68A-97EA86E9DA19}.Debug|Any CPU.ActiveCfg = Debug|Any CPU
		{6A2C4D47-6E8A-47A7-A68A-97EA86E9DA19}.Debug|Any CPU.Build.0 = Debug|Any CPU
		{6A2C4D47-6E8A-47A7-A68A-97EA86E9DA19}.Release|Any CPU.ActiveCfg = Release|Any CPU
		{6A2C4D47-6E8A-47A7-A68A-97EA86E9DA19}.Release|Any CPU.Build.0 = Release|Any CPU
		{2CF58D72-F9DE-47B5-9CC0-DDF2AE2E5AF4}.Debug|Any CPU.ActiveCfg = Debug|Any CPU
		{2CF58D72-F9DE-47B5-9CC0-DDF2AE2E5AF4}.Debug|Any CPU.Build.0 = Debug|Any CPU
		{2CF58D72-F9DE-47B5-9CC0-DDF2AE2E5AF4}.Release|Any CPU.ActiveCfg = Release|Any CPU
		{2CF58D72-F9DE-47B5-9CC0-DDF2AE2E5AF4}.Release|Any CPU.Build.0 = Release|Any CPU
		{66E2C97D-21C4-428A-A551-C1D80CBEC1AD}.Debug|Any CPU.ActiveCfg = Debug|Any CPU
		{66E2C97D-21C4-428A-A551-C1D80CBEC1AD}.Debug|Any CPU.Build.0 = Debug|Any CPU
		{66E2C97D-21C4-428A-A551-C1D80CBEC1AD}.Release|Any CPU.ActiveCfg = Release|Any CPU
		{66E2C97D-21C4-428A-A551-C1D80CBEC1AD}.Release|Any CPU.Build.0 = Release|Any CPU
		{47ED8BED-D27D-46E7-ACA5-B08C4F456259}.Debug|Any CPU.ActiveCfg = Debug|Any CPU
		{47ED8BED-D27D-46E7-ACA5-B08C4F456259}.Debug|Any CPU.Build.0 = Debug|Any CPU
		{47ED8BED-D27D-46E7-ACA5-B08C4F456259}.Release|Any CPU.ActiveCfg = Release|Any CPU
		{47ED8BED-D27D-46E7-ACA5-B08C4F456259}.Release|Any CPU.Build.0 = Release|Any CPU
		{A117C59E-A54F-41A0-89C3-414E58F59DB2}.Debug|Any CPU.ActiveCfg = Debug|Any CPU
		{A117C59E-A54F-41A0-89C3-414E58F59DB2}.Debug|Any CPU.Build.0 = Debug|Any CPU
		{A117C59E-A54F-41A0-89C3-414E58F59DB2}.Release|Any CPU.ActiveCfg = Release|Any CPU
		{A117C59E-A54F-41A0-89C3-414E58F59DB2}.Release|Any CPU.Build.0 = Release|Any CPU
		{DC78CB3F-6E1D-4287-B497-1BB7BBC5138C}.Debug|Any CPU.ActiveCfg = Debug|Any CPU
		{DC78CB3F-6E1D-4287-B497-1BB7BBC5138C}.Debug|Any CPU.Build.0 = Debug|Any CPU
		{DC78CB3F-6E1D-4287-B497-1BB7BBC5138C}.Release|Any CPU.ActiveCfg = Release|Any CPU
		{DC78CB3F-6E1D-4287-B497-1BB7BBC5138C}.Release|Any CPU.Build.0 = Release|Any CPU
		{D816714A-C7E5-44E1-8663-7DA0738DF958}.Debug|Any CPU.ActiveCfg = Debug|Any CPU
		{D816714A-C7E5-44E1-8663-7DA0738DF958}.Debug|Any CPU.Build.0 = Debug|Any CPU
		{D816714A-C7E5-44E1-8663-7DA0738DF958}.Release|Any CPU.ActiveCfg = Release|Any CPU
		{D816714A-C7E5-44E1-8663-7DA0738DF958}.Release|Any CPU.Build.0 = Release|Any CPU
	EndGlobalSection
	GlobalSection(NestedProjects) = preSolution
		{0D71708E-C037-4B05-A12F-A6CF2DA2B98F} = {8BB20A97-2C3A-4E85-B74A-7BDB2BB70B46}
		{B0C05DE5-99EB-4FD7-9C52-1019485B0A9E} = {8BB20A97-2C3A-4E85-B74A-7BDB2BB70B46}
		{8D3D0F66-7430-48DC-95E2-C7338241874B} = {C357EEC6-1DC2-4D67-8C26-D6EB7AA87CD6}
		{2E84F793-AEA6-4DDC-A949-C41D15FC232B} = {C357EEC6-1DC2-4D67-8C26-D6EB7AA87CD6}
		{A52347E8-4F22-47B9-B57A-41F256EDFBA0} = {9B7E4906-8690-44D7-8B88-78158FBC84AC}
		{3FD3757C-77A6-44A4-B04D-281819AC356A} = {CE6C0D3C-FE43-4009-9C17-EEADE54822EC}
		{5C95C7D6-3609-43C8-B80D-135CAB80F4CF} = {CE6C0D3C-FE43-4009-9C17-EEADE54822EC}
		{3BC9BD9A-F2E7-467C-975B-A36143824FDA} = {CE6C0D3C-FE43-4009-9C17-EEADE54822EC}
		{2E39D547-730C-4FA3-A53F-ADBE4CCFED8C} = {CE6C0D3C-FE43-4009-9C17-EEADE54822EC}
		{AFA36BA0-54FE-4DD8-B62A-1B7EFEC83989} = {E1AC9CC0-74D5-4DBB-A399-1AF51EB45DCE}
		{A8890829-5708-4F19-B1A0-85643B956B01} = {9B7E4906-8690-44D7-8B88-78158FBC84AC}
		{6A2C4D47-6E8A-47A7-A68A-97EA86E9DA19} = {CE6C0D3C-FE43-4009-9C17-EEADE54822EC}
		{47ED8BED-D27D-46E7-ACA5-B08C4F456259} = {7A70A536-224C-4010-BBC5-E9085F633F75}
		{66E2C97D-21C4-428A-A551-C1D80CBEC1AD} = {D6EF715A-2EA5-484D-98A1-CC3211F0779B}
		{A117C59E-A54F-41A0-89C3-414E58F59DB2} = {D6EF715A-2EA5-484D-98A1-CC3211F0779B}
		{2CF58D72-F9DE-47B5-9CC0-DDF2AE2E5AF4} = {D6EF715A-2EA5-484D-98A1-CC3211F0779B}
		{DC78CB3F-6E1D-4287-B497-1BB7BBC5138C} = {D6EF715A-2EA5-484D-98A1-CC3211F0779B}
		{9C71157D-8004-4635-A5D2-8F6E0309E872} = {22DB2A26-EC5F-4947-B9C8-08C075E9AFF3}
		{E9352C63-1374-4F7F-A02D-955877F19264} = {22DB2A26-EC5F-4947-B9C8-08C075E9AFF3}
		{D816714A-C7E5-44E1-8663-7DA0738DF958} = {D6EF715A-2EA5-484D-98A1-CC3211F0779B}
	EndGlobalSection
EndGlobal
